
Microsoft Visual Studio Solution File, Format Version 12.00
# Visual Studio Version 16
VisualStudioVersion = 16.0.30611.23
MinimumVisualStudioVersion = 10.0.40219.1
Project("{FAE04EC0-301F-11D3-BF4B-00C04F79EFBC}") = "demowebgit", "demowebgit\demowebgit.csproj", "{061E818B-98BE-43FF-945F-61977C328B39}"
EndProject
Global
	GlobalSection(SolutionConfigurationPlatforms) = preSolution
		Debug|Any CPU = Debug|Any CPU
		Release|Any CPU = Release|Any CPU
	EndGlobalSection
	GlobalSection(ProjectConfigurationPlatforms) = postSolution
		{061E818B-98BE-43FF-945F-61977C328B39}.Debug|Any CPU.ActiveCfg = Debug|Any CPU
		{061E818B-98BE-43FF-945F-61977C328B39}.Debug|Any CPU.Build.0 = Debug|Any CPU
		{061E818B-98BE-43FF-945F-61977C328B39}.Release|Any CPU.ActiveCfg = Release|Any CPU
		{061E818B-98BE-43FF-945F-61977C328B39}.Release|Any CPU.Build.0 = Release|Any CPU
	EndGlobalSection
	GlobalSection(SolutionProperties) = preSolution
		HideSolutionNode = FALSE
	EndGlobalSection
	GlobalSection(ExtensibilityGlobals) = postSolution
		SolutionGuid = {8FCC8173-9952-4074-BCE7-1895DAE6908F}
	EndGlobalSection
EndGlobal
